
Microsoft Visual Studio Solution File, Format Version 12.00
# Visual Studio Version 17
VisualStudioVersion = 17.6.33712.159
MinimumVisualStudioVersion = 10.0.40219.1
Project("{FAE04EC0-301F-11D3-BF4B-00C04F79EFBC}") = "NumRotMetroApi", "NumRotMetroApi\NumRotMetroApi.csproj", "{DBDC2166-CCF1-4A5E-9C61-9F4FE14C175B}"
EndProject
Project("{FAE04EC0-301F-11D3-BF4B-00C04F79EFBC}") = "AccesoADatos", "AccesoADatos\AccesoADatos.csproj", "{F6771BDB-6840-4070-B5FE-D1A086C3D303}"
EndProject
Global
	GlobalSection(SolutionConfigurationPlatforms) = preSolution
		Debug|Any CPU = Debug|Any CPU
		Release|Any CPU = Release|Any CPU
	EndGlobalSection
	GlobalSection(ProjectConfigurationPlatforms) = postSolution
		{DBDC2166-CCF1-4A5E-9C61-9F4FE14C175B}.Debug|Any CPU.ActiveCfg = Debug|Any CPU
		{DBDC2166-CCF1-4A5E-9C61-9F4FE14C175B}.Debug|Any CPU.Build.0 = Debug|Any CPU
		{DBDC2166-CCF1-4A5E-9C61-9F4FE14C175B}.Release|Any CPU.ActiveCfg = Release|Any CPU
		{DBDC2166-CCF1-4A5E-9C61-9F4FE14C175B}.Release|Any CPU.Build.0 = Release|Any CPU
		{F6771BDB-6840-4070-B5FE-D1A086C3D303}.Debug|Any CPU.ActiveCfg = Debug|Any CPU
		{F6771BDB-6840-4070-B5FE-D1A086C3D303}.Debug|Any CPU.Build.0 = Debug|Any CPU
		{F6771BDB-6840-4070-B5FE-D1A086C3D303}.Release|Any CPU.ActiveCfg = Release|Any CPU
		{F6771BDB-6840-4070-B5FE-D1A086C3D303}.Release|Any CPU.Build.0 = Release|Any CPU
	EndGlobalSection
	GlobalSection(SolutionProperties) = preSolution
		HideSolutionNode = FALSE
	EndGlobalSection
	GlobalSection(ExtensibilityGlobals) = postSolution
		SolutionGuid = {B15276D2-3548-4CBD-98D6-3CB7C6C8CD3F}
	EndGlobalSection
EndGlobal
